{
  "pins" : [
    {
      "identity" : "autolayouthelpers",
      "kind" : "remoteSourceControl",
      "location" : "https://github.com/Gabardone/AutolayoutHelpers",
      "state" : {
        "revision" : "26797e09f404cbdb34c1b7c3d809c90ad0c09356",
        "version" : "1.1.2"
      }
    },
    {
      "identity" : "iutilitis",
      "kind" : "remoteSourceControl",
      "location" : "https://github.com/Gabardone/Iutilitis.git",
      "state" : {
        "revision" : "aff12366a94caede9472d7009e50e9812ee37b59"
      }
    },
    {
      "identity" : "minidepin",
      "kind" : "remoteSourceControl",
      "location" : "https://github.com/Gabardone/MiniDepIn.git",
      "state" : {
        "revision" : "2ce32dc39362952f7c163954b89eaa26747e23e4",
        "version" : "1.2.0"
      }
    },
    {
      "identity" : "stronglytypedid",
      "kind" : "remoteSourceControl",
      "location" : "https://github.com/Gabardone/StronglyTypedID",
      "state" : {
        "revision" : "437132c1e0f536961b58af280e9077fb180bf8b7",
        "version" : "1.0.0"
      }
    },
    {
      "identity" : "swiftcache",
      "kind" : "remoteSourceControl",
      "location" : "https://github.com/Gabardone/SwiftCache.git",
      "state" : {
        "revision" : "87de63f8ad11fec28f712a0742a554422559a3a0",
        "version" : "0.0.1-alpha"
      }
    },
    {
      "identity" : "swiftux",
      "kind" : "remoteSourceControl",
      "location" : "https://github.com/Gabardone/SwiftUX.git",
      "state" : {
        "revision" : "b5f0e82ba23a2815d3fba6097348d57d107aac12",
        "version" : "0.0.2-alpha"
      }
    }
  ],
  "version" : 2
}
