{
  "pins" : [
    {
      "identity" : "autolayouthelpers",
      "kind" : "remoteSourceControl",
      "location" : "https://github.com/Gabardone/AutolayoutHelpers",
      "state" : {
        "revision" : "579af9fcc2744ae786e150847cc4eec506cdf903",
        "version" : "1.2.0"
      }
    },
    {
      "identity" : "filesystemdependency",
      "kind" : "remoteSourceControl",
      "location" : "https://github.com/Gabardone/FileSystemDependency.git",
      "state" : {
        "revision" : "c29100d521499c57eea3cc4742a32550cbacebbb",
        "version" : "0.0.3"
      }
    },
    {
      "identity" : "globaldependencies",
      "kind" : "remoteSourceControl",
      "location" : "https://github.com/Gabardone/GlobalDependencies",
      "state" : {
        "revision" : "dca8fb31eb9d6efc42b454aa4a5ea812d7d74c23",
        "version" : "2.0.0"
      }
    },
    {
      "identity" : "iutilitis",
      "kind" : "remoteSourceControl",
      "location" : "https://github.com/Gabardone/Iutilitis.git",
      "state" : {
        "revision" : "aff12366a94caede9472d7009e50e9812ee37b59"
      }
    },
    {
      "identity" : "locationdependency",
      "kind" : "remoteSourceControl",
      "location" : "https://github.com/Gabardone/LocationDependency.git",
      "state" : {
        "revision" : "def4d6e0216463f71d285a2469ac85d1661ff639",
        "version" : "1.0.0"
      }
    },
    {
      "identity" : "networkdependency",
      "kind" : "remoteSourceControl",
      "location" : "https://github.com/Gabardone/NetworkDependency",
      "state" : {
        "revision" : "3d9b7c28594f118b0b61d07842e161c06b8ba906",
        "version" : "2.0.0"
      }
    },
    {
      "identity" : "stronglytypedid",
      "kind" : "remoteSourceControl",
      "location" : "https://github.com/Gabardone/StronglyTypedID",
      "state" : {
        "revision" : "437132c1e0f536961b58af280e9077fb180bf8b7",
        "version" : "1.0.0"
      }
    },
    {
      "identity" : "swiftcache",
      "kind" : "remoteSourceControl",
      "location" : "https://github.com/Gabardone/SwiftCache.git",
      "state" : {
        "revision" : "dfb78a0597a516f624073945667877748c9e05b9",
        "version" : "2.0.0"
      }
    },
    {
      "identity" : "swiftux",
      "kind" : "remoteSourceControl",
      "location" : "https://github.com/Gabardone/SwiftUX.git",
      "state" : {
        "revision" : "f3c0126f2a19d1d1bb5d9412407d35dd372b0a2a",
        "version" : "1.0.0"
      }
    },
    {
      "identity" : "uicomponents",
      "kind" : "remoteSourceControl",
      "location" : "https://github.com/Gabardone/UIComponents",
      "state" : {
        "revision" : "2a88582cd030840d00cef5607ec7c70996134283",
        "version" : "1.0.0"
      }
    }
  ],
  "version" : 2
}
